<?xml version="1.0" encoding="utf-8"?>
<Project ToolsVersion="4.0" xmlns="http://schemas.microsoft.com/developer/msbuild/2003">
  <ItemGroup>
    <Filter Include="Source Files">
      <UniqueIdentifier>{4FC737F1-C7A5-4376-A066-2A32D752A2FF}</UniqueIdentifier>
      <Extensions>cpp;cxx;c;def</Extensions>
    </Filter>
    <Filter Include="Header Files">
      <UniqueIdentifier>{93995380-89BD-4b04-88EB-625FBE52EBFB}</UniqueIdentifier>
      <Extensions>h</Extensions>
    </Filter>
    <Filter Include="Form Files">
      <UniqueIdentifier>{99349809-55BA-4b9d-BF79-8FDBB0286EB3}</UniqueIdentifier>
      <Extensions>ui</Extensions>
    </Filter>
    <Filter Include="Resource Files">
      <UniqueIdentifier>{D9D6E242-F8AF-46E4-B9FD-80ECBC20BA3E}</UniqueIdentifier>
      <Extensions>qrc;*</Extensions>
      <ParseFiles>false</ParseFiles>
    </Filter>
    <Filter Include="Generated Files">
      <UniqueIdentifier>{71ED8ED8-ACB9-4CE9-BBE1-E00B30144E11}</UniqueIdentifier>
      <Extensions>moc;h;cpp</Extensions>
      <SourceControlFiles>False</SourceControlFiles>
    </Filter>
    <Filter Include="Generated Files\Debug">
      <UniqueIdentifier>{185095cf-44c8-4442-82bb-7dee83e17c08}</UniqueIdentifier>
      <Extensions>cpp;moc</Extensions>
      <SourceControlFiles>False</SourceControlFiles>
    </Filter>
    <Filter Include="Generated Files\Release">
      <UniqueIdentifier>{fc4a1c59-c73f-4f4b-bc5d-34dcd591af29}</UniqueIdentifier>
      <Extensions>cpp;moc</Extensions>
      <SourceControlFiles>False</SourceControlFiles>
    </Filter>
  </ItemGroup>
  <ItemGroup>
    <ClCompile Include="main.cpp">
      <Filter>Source Files</Filter>
    </ClCompile>
    <ClCompile Include="visionqt_test.cpp">
      <Filter>Source Files</Filter>
    </ClCompile>
    <ClCompile Include="GeneratedFiles\Debug\moc_visionqt_test.cpp">
      <Filter>Generated Files\Debug</Filter>
    </ClCompile>
    <ClCompile Include="GeneratedFiles\Release\moc_visionqt_test.cpp">
      <Filter>Generated Files\Release</Filter>
    </ClCompile>
    <ClCompile Include="GeneratedFiles\qrc_visionqt_test.cpp">
      <Filter>Generated Files</Filter>
    </ClCompile>
    <ClCompile Include="qcustomplot.cpp">
      <Filter>Source Files</Filter>
    </ClCompile>
    <ClCompile Include="GeneratedFiles\Debug\moc_qcustomplot.cpp">
      <Filter>Generated Files\Debug</Filter>
    </ClCompile>
    <ClCompile Include="GeneratedFiles\Release\moc_qcustomplot.cpp">
      <Filter>Generated Files\Release</Filter>
    </ClCompile>
    <ClCompile Include="qmaintabwidget.cpp">
      <Filter>Source Files</Filter>
    </ClCompile>
    <ClCompile Include="GeneratedFiles\Debug\moc_qmaintabwidget.cpp">
      <Filter>Generated Files\Debug</Filter>
    </ClCompile>
    <ClCompile Include="GeneratedFiles\Release\moc_qmaintabwidget.cpp">
      <Filter>Generated Files\Release</Filter>
    </ClCompile>
    <ClCompile Include="openglwindow.cpp">
      <Filter>Source Files</Filter>
    </ClCompile>
    <ClCompile Include="GeneratedFiles\Debug\moc_openglwindow.cpp">
      <Filter>Generated Files\Debug</Filter>
    </ClCompile>
    <ClCompile Include="GeneratedFiles\Release\moc_openglwindow.cpp">
      <Filter>Generated Files\Release</Filter>
    </ClCompile>
    <ClCompile Include="sensortreemodel.cpp">
      <Filter>Source Files</Filter>
    </ClCompile>
    <ClCompile Include="setsensor.cpp">
      <Filter>Source Files</Filter>
    </ClCompile>
    <ClCompile Include="GeneratedFiles\Debug\moc_setsensor.cpp">
      <Filter>Generated Files\Debug</Filter>
    </ClCompile>
    <ClCompile Include="GeneratedFiles\Release\moc_setsensor.cpp">
      <Filter>Generated Files\Release</Filter>
    </ClCompile>
    <ClCompile Include="Sensor.cpp">
      <Filter>Source Files</Filter>
    </ClCompile>
    <ClCompile Include="sensorproperty.cpp">
      <Filter>Source Files</Filter>
    </ClCompile>
    <ClCompile Include="GeneratedFiles\Debug\moc_sensorproperty.cpp">
      <Filter>Generated Files\Debug</Filter>
    </ClCompile>
    <ClCompile Include="GeneratedFiles\Release\moc_sensorproperty.cpp">
      <Filter>Generated Files\Release</Filter>
    </ClCompile>
    <ClCompile Include="GeneratedFiles\Debug\moc_sensortreemodel.cpp">
      <Filter>Generated Files\Debug</Filter>
    </ClCompile>
    <ClCompile Include="GeneratedFiles\Release\moc_sensortreemodel.cpp">
      <Filter>Generated Files\Release</Filter>
    </ClCompile>
    <ClCompile Include="LMISensor.cpp">
      <Filter>Source Files</Filter>
    </ClCompile>
    <ClCompile Include="WenglorSensor.cpp">
      <Filter>Source Files</Filter>
    </ClCompile>
    <ClCompile Include="SensorVector.cpp">
      <Filter>Source Files</Filter>
    </ClCompile>
    <ClCompile Include="moduletree.cpp">
      <Filter>Source Files</Filter>
    </ClCompile>
    <ClCompile Include="GeneratedFiles\Debug\moc_moduletree.cpp">
      <Filter>Generated Files\Debug</Filter>
    </ClCompile>
    <ClCompile Include="GeneratedFiles\Release\moc_moduletree.cpp">
      <Filter>Generated Files\Release</Filter>
    </ClCompile>
    <ClCompile Include="preview.cpp">
      <Filter>Source Files</Filter>
    </ClCompile>
    <ClCompile Include="GeneratedFiles\Debug\moc_preview.cpp">
      <Filter>Generated Files\Debug</Filter>
    </ClCompile>
    <ClCompile Include="GeneratedFiles\Release\moc_preview.cpp">
      <Filter>Generated Files\Release</Filter>
    </ClCompile>
    <ClCompile Include="mylineedit.cpp">
      <Filter>Source Files</Filter>
    </ClCompile>
    <ClCompile Include="GeneratedFiles\Debug\moc_mylineedit.cpp">
      <Filter>Generated Files\Debug</Filter>
    </ClCompile>
    <ClCompile Include="GeneratedFiles\Release\moc_mylineedit.cpp">
      <Filter>Generated Files\Release</Filter>
    </ClCompile>
    <ClCompile Include="flowline.cpp">
      <Filter>Source Files</Filter>
    </ClCompile>
    <ClCompile Include="GeneratedFiles\Debug\moc_flowline.cpp">
      <Filter>Generated Files\Debug</Filter>
    </ClCompile>
    <ClCompile Include="GeneratedFiles\Release\moc_flowline.cpp">
      <Filter>Generated Files\Release</Filter>
    </ClCompile>
    <ClCompile Include="getdatafc.cpp">
      <Filter>Source Files</Filter>
    </ClCompile>
    <ClCompile Include="GeneratedFiles\Debug\moc_getdatafc.cpp">
      <Filter>Generated Files\Debug</Filter>
    </ClCompile>
    <ClCompile Include="GeneratedFiles\Release\moc_getdatafc.cpp">
      <Filter>Generated Files\Release</Filter>
    </ClCompile>
    <ClCompile Include="customwidget.cpp">
      <Filter>Source Files</Filter>
    </ClCompile>
    <ClCompile Include="GeneratedFiles\Debug\moc_customwidget.cpp">
      <Filter>Generated Files\Debug</Filter>
    </ClCompile>
    <ClCompile Include="GeneratedFiles\Release\moc_customwidget.cpp">
      <Filter>Generated Files\Release</Filter>
    </ClCompile>
    <ClCompile Include="litcontrol.cpp">
      <Filter>Source Files</Filter>
    </ClCompile>
    <ClCompile Include="GeneratedFiles\Debug\moc_litcontrol.cpp">
      <Filter>Generated Files\Debug</Filter>
    </ClCompile>
    <ClCompile Include="GeneratedFiles\Release\moc_litcontrol.cpp">
      <Filter>Generated Files\Release</Filter>
    </ClCompile>
    <ClCompile Include="moudlewidget.cpp">
      <Filter>Source Files</Filter>
    </ClCompile>
    <ClCompile Include="GeneratedFiles\Debug\moc_moudlewidget.cpp">
      <Filter>Generated Files\Debug</Filter>
    </ClCompile>
    <ClCompile Include="GeneratedFiles\Release\moc_moudlewidget.cpp">
      <Filter>Generated Files\Release</Filter>
    </ClCompile>
    <ClCompile Include="imageview.cpp">
      <Filter>Source Files</Filter>
    </ClCompile>
    <ClCompile Include="GeneratedFiles\Debug\moc_imageview.cpp">
      <Filter>Generated Files\Debug</Filter>
    </ClCompile>
    <ClCompile Include="GeneratedFiles\Release\moc_imageview.cpp">
      <Filter>Generated Files\Release</Filter>
    </ClCompile>
    <ClCompile Include="mygraphicsscene.cpp">
      <Filter>Source Files</Filter>
    </ClCompile>
    <ClCompile Include="GeneratedFiles\Debug\moc_mygraphicsscene.cpp">
      <Filter>Generated Files\Debug</Filter>
    </ClCompile>
    <ClCompile Include="GeneratedFiles\Release\moc_mygraphicsscene.cpp">
      <Filter>Generated Files\Release</Filter>
    </ClCompile>
    <ClCompile Include="mygraphicspoint.cpp">
      <Filter>Source Files</Filter>
    </ClCompile>
    <ClCompile Include="mygraphicsrect.cpp">
      <Filter>Source Files</Filter>
    </ClCompile>
    <ClCompile Include="mygraphicsitem.cpp">
      <Filter>Source Files</Filter>
    </ClCompile>
    <ClCompile Include="mygraphicsline.cpp">
      <Filter>Source Files</Filter>
    </ClCompile>
    <ClCompile Include="mygraphicscircle.cpp">
      <Filter>Source Files</Filter>
    </ClCompile>
    <ClCompile Include="mygraphicsrefrect.cpp">
      <Filter>Source Files</Filter>
    </ClCompile>
  </ItemGroup>
  <ItemGroup>
    <CustomBuild Include="visionqt_test.h">
      <Filter>Header Files</Filter>
    </CustomBuild>
    <CustomBuild Include="visionqt_test.qrc">
      <Filter>Resource Files</Filter>
    </CustomBuild>
    <CustomBuild Include="qcustomplot.h">
      <Filter>Header Files</Filter>
    </CustomBuild>
    <CustomBuild Include="qmaintabwidget.h">
      <Filter>Header Files</Filter>
    </CustomBuild>
    <CustomBuild Include="openglwindow.h">
      <Filter>Header Files</Filter>
    </CustomBuild>
    <CustomBuild Include="sensortreemodel.h">
      <Filter>Header Files</Filter>
    </CustomBuild>
    <CustomBuild Include="setsensor.h">
      <Filter>Header Files</Filter>
    </CustomBuild>
    <CustomBuild Include="setsensor.ui">
      <Filter>Form Files</Filter>
    </CustomBuild>
    <CustomBuild Include="sensorproperty.h">
      <Filter>Header Files</Filter>
    </CustomBuild>
    <CustomBuild Include="moduletree.h">
      <Filter>Header Files</Filter>
    </CustomBuild>
    <CustomBuild Include="preview.h">
      <Filter>Header Files</Filter>
    </CustomBuild>
    <CustomBuild Include="mylineedit.h">
      <Filter>Header Files</Filter>
    </CustomBuild>
    <CustomBuild Include="flowline.h">
      <Filter>Header Files</Filter>
    </CustomBuild>
    <CustomBuild Include="getdatafc.h">
      <Filter>Header Files</Filter>
    </CustomBuild>
    <CustomBuild Include="getdatafc.ui">
      <Filter>Form Files</Filter>
    </CustomBuild>
    <CustomBuild Include="customwidget.h">
      <Filter>Header Files</Filter>
    </CustomBuild>
    <CustomBuild Include="litcontrol.h">
      <Filter>Header Files</Filter>
    </CustomBuild>
    <CustomBuild Include="moudlewidget.h">
      <Filter>Header Files</Filter>
    </CustomBuild>
    <CustomBuild Include="moudlewidget.ui">
      <Filter>Form Files</Filter>
    </CustomBuild>
    <CustomBuild Include="imageview.h">
      <Filter>Header Files</Filter>
    </CustomBuild>
    <CustomBuild Include="mygraphicsscene.h">
      <Filter>Header Files</Filter>
    </CustomBuild>
    <CustomBuild Include="mygraphicspoint.h">
      <Filter>Header Files</Filter>
    </CustomBuild>
  </ItemGroup>
  <ItemGroup>
    <ClInclude Include="GeneratedFiles\ui_setsensor.h">
      <Filter>Generated Files</Filter>
    </ClInclude>
    <ClInclude Include="Sensor.h">
      <Filter>Header Files</Filter>
    </ClInclude>
    <ClInclude Include="LMISensor.h">
      <Filter>Header Files</Filter>
    </ClInclude>
    <ClInclude Include="WenglorSensor.h">
      <Filter>Header Files</Filter>
    </ClInclude>
    <ClInclude Include="SensorsVector.h">
      <Filter>Header Files</Filter>
    </ClInclude>
    <ClInclude Include="GeneratedFiles\ui_getdatafc.h">
      <Filter>Generated Files</Filter>
    </ClInclude>
    <ClInclude Include="GeneratedFiles\ui_moudlewidget.h">
      <Filter>Generated Files</Filter>
    </ClInclude>
    <ClInclude Include="mygraphicsrect.h">
      <Filter>Header Files</Filter>
    </ClInclude>
    <ClInclude Include="mygraphicsitem.h">
      <Filter>Header Files</Filter>
    </ClInclude>
    <ClInclude Include="mygraphicsline.h">
      <Filter>Header Files</Filter>
    </ClInclude>
    <ClInclude Include="mygraphicscircle.h">
      <Filter>Header Files</Filter>
    </ClInclude>
    <ClInclude Include="mygraphicsrefrect.h">
      <Filter>Header Files</Filter>
    </ClInclude>
  </ItemGroup>
</Project>